
Microsoft Visual Studio Solution File, Format Version 12.00
# Visual Studio Version 16
VisualStudioVersion = 16.0.31729.503
MinimumVisualStudioVersion = 10.0.40219.1
Project("{FAE04EC0-301F-11D3-BF4B-00C04F79EFBC}") = "Regex", "Regex\Regex.csproj", "{ADA68DE1-0DD5-472C-AFF8-1912C2A59852}"
EndProject
Global
	GlobalSection(SolutionConfigurationPlatforms) = preSolution
		Debug|Any CPU = Debug|Any CPU
		Release|Any CPU = Release|Any CPU
	EndGlobalSection
	GlobalSection(ProjectConfigurationPlatforms) = postSolution
		{ADA68DE1-0DD5-472C-AFF8-1912C2A59852}.Debug|Any CPU.ActiveCfg = Debug|Any CPU
		{ADA68DE1-0DD5-472C-AFF8-1912C2A59852}.Debug|Any CPU.Build.0 = Debug|Any CPU
		{ADA68DE1-0DD5-472C-AFF8-1912C2A59852}.Release|Any CPU.ActiveCfg = Release|Any CPU
		{ADA68DE1-0DD5-472C-AFF8-1912C2A59852}.Release|Any CPU.Build.0 = Release|Any CPU
	EndGlobalSection
	GlobalSection(SolutionProperties) = preSolution
		HideSolutionNode = FALSE
	EndGlobalSection
	GlobalSection(ExtensibilityGlobals) = postSolution
		SolutionGuid = {8748CB08-9CCD-4BBC-A9FA-D5DE313D37E5}
	EndGlobalSection
EndGlobal
